
Microsoft Visual Studio Solution File, Format Version 12.00
# Visual Studio Version 17
VisualStudioVersion = 17.3.32825.248
MinimumVisualStudioVersion = 10.0.40219.1
Project("{FAE04EC0-301F-11D3-BF4B-00C04F79EFBC}") = "ZooAnimalManagementSystem", "ZooAnimalManagementSystem\ZooAnimalManagementSystem.csproj", "{E86D90A2-FDB1-4A9A-A953-C1057AFCBD68}"
EndProject
Project("{FAE04EC0-301F-11D3-BF4B-00C04F79EFBC}") = "ZooAnimalManagementSystemTests", "ZooAnimalManagementSystemTests\ZooAnimalManagementSystemTests.csproj", "{63F066E0-32F8-4E8E-A582-4F05F66B8B4E}"
EndProject
Global
	GlobalSection(SolutionConfigurationPlatforms) = preSolution
		Debug|Any CPU = Debug|Any CPU
		Release|Any CPU = Release|Any CPU
	EndGlobalSection
	GlobalSection(ProjectConfigurationPlatforms) = postSolution
		{E86D90A2-FDB1-4A9A-A953-C1057AFCBD68}.Debug|Any CPU.ActiveCfg = Debug|Any CPU
		{E86D90A2-FDB1-4A9A-A953-C1057AFCBD68}.Debug|Any CPU.Build.0 = Debug|Any CPU
		{E86D90A2-FDB1-4A9A-A953-C1057AFCBD68}.Release|Any CPU.ActiveCfg = Release|Any CPU
		{E86D90A2-FDB1-4A9A-A953-C1057AFCBD68}.Release|Any CPU.Build.0 = Release|Any CPU
		{63F066E0-32F8-4E8E-A582-4F05F66B8B4E}.Debug|Any CPU.ActiveCfg = Debug|Any CPU
		{63F066E0-32F8-4E8E-A582-4F05F66B8B4E}.Debug|Any CPU.Build.0 = Debug|Any CPU
		{63F066E0-32F8-4E8E-A582-4F05F66B8B4E}.Release|Any CPU.ActiveCfg = Release|Any CPU
		{63F066E0-32F8-4E8E-A582-4F05F66B8B4E}.Release|Any CPU.Build.0 = Release|Any CPU
	EndGlobalSection
	GlobalSection(SolutionProperties) = preSolution
		HideSolutionNode = FALSE
	EndGlobalSection
	GlobalSection(ExtensibilityGlobals) = postSolution
		SolutionGuid = {EC3B1919-2465-454E-89F9-C92573A07E03}
	EndGlobalSection
EndGlobal
